<?xml version="1.0" encoding="UTF-8" standalone="yes" ?>
<CodeBlocks_project_file>
	<FileVersion major="1" minor="6" />
	<Project>
		<Option title="ln-ocr-cpp" />
		<Option pch_mode="2" />
		<Option compiler="gcc" />
		<Build>
			<Target title="Debug">
				<Option output="bin/Debug/ln-ocr-cpp" prefix_auto="1" extension_auto="1" />
				<Option object_output="obj/Debug/" />
				<Option type="1" />
				<Option compiler="gcc" />
				<Option parameters="pages" />
				<Compiler>
					<Add option="-g" />
					<Add directory="include" />
					<Add directory="src" />
				</Compiler>
				<Linker>
					<Add library="lib/opencv/libopencv_core460.dll.a" />
					<Add library="lib/opencv/libopencv_imgcodecs460.dll.a" />
					<Add library="lib/opencv/libopencv_imgproc460.dll.a" />
					<Add directory="lib/opencv" />
				</Linker>
			</Target>
			<Target title="Release">
				<Option output="bin/Release/ln-ocr-cpp" prefix_auto="1" extension_auto="1" />
				<Option object_output="obj/Release/" />
				<Option type="1" />
				<Option compiler="gcc" />
				<Option parameters="pages" />
				<Compiler>
					<Add option="-O2" />
					<Add directory="include" />
					<Add directory="src" />
				</Compiler>
				<Linker>
					<Add option="-s" />
					<Add library="lib/opencv/libopencv_core460.dll.a" />
					<Add library="lib/opencv/libopencv_imgcodecs460.dll.a" />
					<Add library="lib/opencv/libopencv_imgproc460.dll.a" />
					<Add directory="lib/opencv" />
				</Linker>
				<ExtraCommands>
					<Add after="cmd /c COPY .\dll\* .\bin\Release\" />
					<Mode after="always" />
				</ExtraCommands>
			</Target>
		</Build>
		<Compiler>
			<Add option="-Wall" />
			<Add option="-fexceptions" />
		</Compiler>
		<ExtraCommands>
			<Add after="cmd /c COPY .\dll\* ." />
		</ExtraCommands>
		<Unit filename=".gitignore" />
		<Unit filename="include/opencv2/calib3d.hpp" />
		<Unit filename="include/opencv2/calib3d/calib3d.hpp" />
		<Unit filename="include/opencv2/calib3d/calib3d_c.h" />
		<Unit filename="include/opencv2/core.hpp" />
		<Unit filename="include/opencv2/core/affine.hpp" />
		<Unit filename="include/opencv2/core/async.hpp" />
		<Unit filename="include/opencv2/core/base.hpp" />
		<Unit filename="include/opencv2/core/bindings_utils.hpp" />
		<Unit filename="include/opencv2/core/bufferpool.hpp" />
		<Unit filename="include/opencv2/core/check.hpp" />
		<Unit filename="include/opencv2/core/core.hpp" />
		<Unit filename="include/opencv2/core/core_c.h" />
		<Unit filename="include/opencv2/core/cuda.hpp" />
		<Unit filename="include/opencv2/core/cuda.inl.hpp" />
		<Unit filename="include/opencv2/core/cuda/block.hpp" />
		<Unit filename="include/opencv2/core/cuda/border_interpolate.hpp" />
		<Unit filename="include/opencv2/core/cuda/color.hpp" />
		<Unit filename="include/opencv2/core/cuda/common.hpp" />
		<Unit filename="include/opencv2/core/cuda/datamov_utils.hpp" />
		<Unit filename="include/opencv2/core/cuda/detail/color_detail.hpp" />
		<Unit filename="include/opencv2/core/cuda/detail/reduce.hpp" />
		<Unit filename="include/opencv2/core/cuda/detail/reduce_key_val.hpp" />
		<Unit filename="include/opencv2/core/cuda/detail/transform_detail.hpp" />
		<Unit filename="include/opencv2/core/cuda/detail/type_traits_detail.hpp" />
		<Unit filename="include/opencv2/core/cuda/detail/vec_distance_detail.hpp" />
		<Unit filename="include/opencv2/core/cuda/dynamic_smem.hpp" />
		<Unit filename="include/opencv2/core/cuda/emulation.hpp" />
		<Unit filename="include/opencv2/core/cuda/filters.hpp" />
		<Unit filename="include/opencv2/core/cuda/funcattrib.hpp" />
		<Unit filename="include/opencv2/core/cuda/functional.hpp" />
		<Unit filename="include/opencv2/core/cuda/limits.hpp" />
		<Unit filename="include/opencv2/core/cuda/reduce.hpp" />
		<Unit filename="include/opencv2/core/cuda/saturate_cast.hpp" />
		<Unit filename="include/opencv2/core/cuda/scan.hpp" />
		<Unit filename="include/opencv2/core/cuda/simd_functions.hpp" />
		<Unit filename="include/opencv2/core/cuda/transform.hpp" />
		<Unit filename="include/opencv2/core/cuda/type_traits.hpp" />
		<Unit filename="include/opencv2/core/cuda/utility.hpp" />
		<Unit filename="include/opencv2/core/cuda/vec_distance.hpp" />
		<Unit filename="include/opencv2/core/cuda/vec_math.hpp" />
		<Unit filename="include/opencv2/core/cuda/vec_traits.hpp" />
		<Unit filename="include/opencv2/core/cuda/warp.hpp" />
		<Unit filename="include/opencv2/core/cuda/warp_reduce.hpp" />
		<Unit filename="include/opencv2/core/cuda/warp_shuffle.hpp" />
		<Unit filename="include/opencv2/core/cuda_stream_accessor.hpp" />
		<Unit filename="include/opencv2/core/cuda_types.hpp" />
		<Unit filename="include/opencv2/core/cv_cpu_dispatch.h" />
		<Unit filename="include/opencv2/core/cv_cpu_helper.h" />
		<Unit filename="include/opencv2/core/cvdef.h" />
		<Unit filename="include/opencv2/core/cvstd.hpp" />
		<Unit filename="include/opencv2/core/cvstd.inl.hpp" />
		<Unit filename="include/opencv2/core/cvstd_wrapper.hpp" />
		<Unit filename="include/opencv2/core/detail/async_promise.hpp" />
		<Unit filename="include/opencv2/core/detail/dispatch_helper.impl.hpp" />
		<Unit filename="include/opencv2/core/detail/exception_ptr.hpp" />
		<Unit filename="include/opencv2/core/directx.hpp" />
		<Unit filename="include/opencv2/core/dualquaternion.hpp" />
		<Unit filename="include/opencv2/core/dualquaternion.inl.hpp" />
		<Unit filename="include/opencv2/core/eigen.hpp" />
		<Unit filename="include/opencv2/core/fast_math.hpp" />
		<Unit filename="include/opencv2/core/hal/hal.hpp" />
		<Unit filename="include/opencv2/core/hal/interface.h" />
		<Unit filename="include/opencv2/core/hal/intrin.hpp" />
		<Unit filename="include/opencv2/core/hal/intrin_avx.hpp" />
		<Unit filename="include/opencv2/core/hal/intrin_avx512.hpp" />
		<Unit filename="include/opencv2/core/hal/intrin_cpp.hpp" />
		<Unit filename="include/opencv2/core/hal/intrin_forward.hpp" />
		<Unit filename="include/opencv2/core/hal/intrin_msa.hpp" />
		<Unit filename="include/opencv2/core/hal/intrin_neon.hpp" />
		<Unit filename="include/opencv2/core/hal/intrin_rvv.hpp" />
		<Unit filename="include/opencv2/core/hal/intrin_rvv071.hpp" />
		<Unit filename="include/opencv2/core/hal/intrin_sse.hpp" />
		<Unit filename="include/opencv2/core/hal/intrin_sse_em.hpp" />
		<Unit filename="include/opencv2/core/hal/intrin_vsx.hpp" />
		<Unit filename="include/opencv2/core/hal/intrin_wasm.hpp" />
		<Unit filename="include/opencv2/core/hal/msa_macros.h" />
		<Unit filename="include/opencv2/core/hal/simd_utils.impl.hpp" />
		<Unit filename="include/opencv2/core/mat.hpp" />
		<Unit filename="include/opencv2/core/mat.inl.hpp" />
		<Unit filename="include/opencv2/core/matx.hpp" />
		<Unit filename="include/opencv2/core/neon_utils.hpp" />
		<Unit filename="include/opencv2/core/ocl.hpp" />
		<Unit filename="include/opencv2/core/ocl_genbase.hpp" />
		<Unit filename="include/opencv2/core/opencl/ocl_defs.hpp" />
		<Unit filename="include/opencv2/core/opencl/opencl_info.hpp" />
		<Unit filename="include/opencv2/core/opencl/opencl_svm.hpp" />
		<Unit filename="include/opencv2/core/opencl/runtime/autogenerated/opencl_clblas.hpp" />
		<Unit filename="include/opencv2/core/opencl/runtime/autogenerated/opencl_clfft.hpp" />
		<Unit filename="include/opencv2/core/opencl/runtime/autogenerated/opencl_core.hpp" />
		<Unit filename="include/opencv2/core/opencl/runtime/autogenerated/opencl_core_wrappers.hpp" />
		<Unit filename="include/opencv2/core/opencl/runtime/autogenerated/opencl_gl.hpp" />
		<Unit filename="include/opencv2/core/opencl/runtime/autogenerated/opencl_gl_wrappers.hpp" />
		<Unit filename="include/opencv2/core/opencl/runtime/opencl_clblas.hpp" />
		<Unit filename="include/opencv2/core/opencl/runtime/opencl_clfft.hpp" />
		<Unit filename="include/opencv2/core/opencl/runtime/opencl_core.hpp" />
		<Unit filename="include/opencv2/core/opencl/runtime/opencl_core_wrappers.hpp" />
		<Unit filename="include/opencv2/core/opencl/runtime/opencl_gl.hpp" />
		<Unit filename="include/opencv2/core/opencl/runtime/opencl_gl_wrappers.hpp" />
		<Unit filename="include/opencv2/core/opencl/runtime/opencl_svm_20.hpp" />
		<Unit filename="include/opencv2/core/opencl/runtime/opencl_svm_definitions.hpp" />
		<Unit filename="include/opencv2/core/opencl/runtime/opencl_svm_hsa_extension.hpp" />
		<Unit filename="include/opencv2/core/opengl.hpp" />
		<Unit filename="include/opencv2/core/operations.hpp" />
		<Unit filename="include/opencv2/core/optim.hpp" />
		<Unit filename="include/opencv2/core/ovx.hpp" />
		<Unit filename="include/opencv2/core/parallel/backend/parallel_for.openmp.hpp" />
		<Unit filename="include/opencv2/core/parallel/backend/parallel_for.tbb.hpp" />
		<Unit filename="include/opencv2/core/parallel/parallel_backend.hpp" />
		<Unit filename="include/opencv2/core/persistence.hpp" />
		<Unit filename="include/opencv2/core/quaternion.hpp" />
		<Unit filename="include/opencv2/core/quaternion.inl.hpp" />
		<Unit filename="include/opencv2/core/saturate.hpp" />
		<Unit filename="include/opencv2/core/simd_intrinsics.hpp" />
		<Unit filename="include/opencv2/core/softfloat.hpp" />
		<Unit filename="include/opencv2/core/sse_utils.hpp" />
		<Unit filename="include/opencv2/core/traits.hpp" />
		<Unit filename="include/opencv2/core/types.hpp" />
		<Unit filename="include/opencv2/core/types_c.h" />
		<Unit filename="include/opencv2/core/utility.hpp" />
		<Unit filename="include/opencv2/core/utils/allocator_stats.hpp" />
		<Unit filename="include/opencv2/core/utils/allocator_stats.impl.hpp" />
		<Unit filename="include/opencv2/core/utils/filesystem.hpp" />
		<Unit filename="include/opencv2/core/utils/fp_control_utils.hpp" />
		<Unit filename="include/opencv2/core/utils/instrumentation.hpp" />
		<Unit filename="include/opencv2/core/utils/logger.defines.hpp" />
		<Unit filename="include/opencv2/core/utils/logger.hpp" />
		<Unit filename="include/opencv2/core/utils/logtag.hpp" />
		<Unit filename="include/opencv2/core/utils/tls.hpp" />
		<Unit filename="include/opencv2/core/utils/trace.hpp" />
		<Unit filename="include/opencv2/core/va_intel.hpp" />
		<Unit filename="include/opencv2/core/version.hpp" />
		<Unit filename="include/opencv2/core/vsx_utils.hpp" />
		<Unit filename="include/opencv2/cvconfig.h" />
		<Unit filename="include/opencv2/dnn.hpp" />
		<Unit filename="include/opencv2/dnn/all_layers.hpp" />
		<Unit filename="include/opencv2/dnn/dict.hpp" />
		<Unit filename="include/opencv2/dnn/dnn.hpp" />
		<Unit filename="include/opencv2/dnn/dnn.inl.hpp" />
		<Unit filename="include/opencv2/dnn/layer.details.hpp" />
		<Unit filename="include/opencv2/dnn/layer.hpp" />
		<Unit filename="include/opencv2/dnn/shape_utils.hpp" />
		<Unit filename="include/opencv2/dnn/utils/debug_utils.hpp" />
		<Unit filename="include/opencv2/dnn/utils/inference_engine.hpp" />
		<Unit filename="include/opencv2/dnn/version.hpp" />
		<Unit filename="include/opencv2/features2d.hpp" />
		<Unit filename="include/opencv2/features2d/features2d.hpp" />
		<Unit filename="include/opencv2/features2d/hal/interface.h" />
		<Unit filename="include/opencv2/flann.hpp" />
		<Unit filename="include/opencv2/flann/all_indices.h" />
		<Unit filename="include/opencv2/flann/allocator.h" />
		<Unit filename="include/opencv2/flann/any.h" />
		<Unit filename="include/opencv2/flann/autotuned_index.h" />
		<Unit filename="include/opencv2/flann/composite_index.h" />
		<Unit filename="include/opencv2/flann/config.h" />
		<Unit filename="include/opencv2/flann/defines.h" />
		<Unit filename="include/opencv2/flann/dist.h" />
		<Unit filename="include/opencv2/flann/dummy.h" />
		<Unit filename="include/opencv2/flann/dynamic_bitset.h" />
		<Unit filename="include/opencv2/flann/flann.hpp" />
		<Unit filename="include/opencv2/flann/flann_base.hpp" />
		<Unit filename="include/opencv2/flann/general.h" />
		<Unit filename="include/opencv2/flann/ground_truth.h" />
		<Unit filename="include/opencv2/flann/hdf5.h" />
		<Unit filename="include/opencv2/flann/heap.h" />
		<Unit filename="include/opencv2/flann/hierarchical_clustering_index.h" />
		<Unit filename="include/opencv2/flann/index_testing.h" />
		<Unit filename="include/opencv2/flann/kdtree_index.h" />
		<Unit filename="include/opencv2/flann/kdtree_single_index.h" />
		<Unit filename="include/opencv2/flann/kmeans_index.h" />
		<Unit filename="include/opencv2/flann/linear_index.h" />
		<Unit filename="include/opencv2/flann/logger.h" />
		<Unit filename="include/opencv2/flann/lsh_index.h" />
		<Unit filename="include/opencv2/flann/lsh_table.h" />
		<Unit filename="include/opencv2/flann/matrix.h" />
		<Unit filename="include/opencv2/flann/miniflann.hpp" />
		<Unit filename="include/opencv2/flann/nn_index.h" />
		<Unit filename="include/opencv2/flann/object_factory.h" />
		<Unit filename="include/opencv2/flann/params.h" />
		<Unit filename="include/opencv2/flann/random.h" />
		<Unit filename="include/opencv2/flann/result_set.h" />
		<Unit filename="include/opencv2/flann/sampling.h" />
		<Unit filename="include/opencv2/flann/saving.h" />
		<Unit filename="include/opencv2/flann/simplex_downhill.h" />
		<Unit filename="include/opencv2/flann/timer.h" />
		<Unit filename="include/opencv2/gapi.hpp" />
		<Unit filename="include/opencv2/gapi/core.hpp" />
		<Unit filename="include/opencv2/gapi/cpu/core.hpp" />
		<Unit filename="include/opencv2/gapi/cpu/gcpukernel.hpp" />
		<Unit filename="include/opencv2/gapi/cpu/imgproc.hpp" />
		<Unit filename="include/opencv2/gapi/cpu/stereo.hpp" />
		<Unit filename="include/opencv2/gapi/cpu/video.hpp" />
		<Unit filename="include/opencv2/gapi/fluid/core.hpp" />
		<Unit filename="include/opencv2/gapi/fluid/gfluidbuffer.hpp" />
		<Unit filename="include/opencv2/gapi/fluid/gfluidkernel.hpp" />
		<Unit filename="include/opencv2/gapi/fluid/imgproc.hpp" />
		<Unit filename="include/opencv2/gapi/garg.hpp" />
		<Unit filename="include/opencv2/gapi/garray.hpp" />
		<Unit filename="include/opencv2/gapi/gasync_context.hpp" />
		<Unit filename="include/opencv2/gapi/gcall.hpp" />
		<Unit filename="include/opencv2/gapi/gcommon.hpp" />
		<Unit filename="include/opencv2/gapi/gcompiled.hpp" />
		<Unit filename="include/opencv2/gapi/gcompiled_async.hpp" />
		<Unit filename="include/opencv2/gapi/gcompoundkernel.hpp" />
		<Unit filename="include/opencv2/gapi/gcomputation.hpp" />
		<Unit filename="include/opencv2/gapi/gcomputation_async.hpp" />
		<Unit filename="include/opencv2/gapi/gframe.hpp" />
		<Unit filename="include/opencv2/gapi/gkernel.hpp" />
		<Unit filename="include/opencv2/gapi/gmat.hpp" />
		<Unit filename="include/opencv2/gapi/gmetaarg.hpp" />
		<Unit filename="include/opencv2/gapi/gopaque.hpp" />
		<Unit filename="include/opencv2/gapi/gproto.hpp" />
		<Unit filename="include/opencv2/gapi/gpu/core.hpp" />
		<Unit filename="include/opencv2/gapi/gpu/ggpukernel.hpp" />
		<Unit filename="include/opencv2/gapi/gpu/imgproc.hpp" />
		<Unit filename="include/opencv2/gapi/gscalar.hpp" />
		<Unit filename="include/opencv2/gapi/gstreaming.hpp" />
		<Unit filename="include/opencv2/gapi/gtransform.hpp" />
		<Unit filename="include/opencv2/gapi/gtype_traits.hpp" />
		<Unit filename="include/opencv2/gapi/gtyped.hpp" />
		<Unit filename="include/opencv2/gapi/imgproc.hpp" />
		<Unit filename="include/opencv2/gapi/infer.hpp" />
		<Unit filename="include/opencv2/gapi/infer/bindings_ie.hpp" />
		<Unit filename="include/opencv2/gapi/infer/ie.hpp" />
		<Unit filename="include/opencv2/gapi/infer/onnx.hpp" />
		<Unit filename="include/opencv2/gapi/infer/parsers.hpp" />
		<Unit filename="include/opencv2/gapi/media.hpp" />
		<Unit filename="include/opencv2/gapi/oak/infer.hpp" />
		<Unit filename="include/opencv2/gapi/oak/oak.hpp" />
		<Unit filename="include/opencv2/gapi/ocl/core.hpp" />
		<Unit filename="include/opencv2/gapi/ocl/goclkernel.hpp" />
		<Unit filename="include/opencv2/gapi/ocl/imgproc.hpp" />
		<Unit filename="include/opencv2/gapi/opencv_includes.hpp" />
		<Unit filename="include/opencv2/gapi/operators.hpp" />
		<Unit filename="include/opencv2/gapi/own/assert.hpp" />
		<Unit filename="include/opencv2/gapi/own/convert.hpp" />
		<Unit filename="include/opencv2/gapi/own/cvdefs.hpp" />
		<Unit filename="include/opencv2/gapi/own/exports.hpp" />
		<Unit filename="include/opencv2/gapi/own/mat.hpp" />
		<Unit filename="include/opencv2/gapi/own/saturate.hpp" />
		<Unit filename="include/opencv2/gapi/own/scalar.hpp" />
		<Unit filename="include/opencv2/gapi/own/types.hpp" />
		<Unit filename="include/opencv2/gapi/plaidml/core.hpp" />
		<Unit filename="include/opencv2/gapi/plaidml/gplaidmlkernel.hpp" />
		<Unit filename="include/opencv2/gapi/plaidml/plaidml.hpp" />
		<Unit filename="include/opencv2/gapi/python/python.hpp" />
		<Unit filename="include/opencv2/gapi/render.hpp" />
		<Unit filename="include/opencv2/gapi/render/render.hpp" />
		<Unit filename="include/opencv2/gapi/render/render_types.hpp" />
		<Unit filename="include/opencv2/gapi/rmat.hpp" />
		<Unit filename="include/opencv2/gapi/s11n.hpp" />
		<Unit filename="include/opencv2/gapi/s11n/base.hpp" />
		<Unit filename="include/opencv2/gapi/stereo.hpp" />
		<Unit filename="include/opencv2/gapi/streaming/cap.hpp" />
		<Unit filename="include/opencv2/gapi/streaming/desync.hpp" />
		<Unit filename="include/opencv2/gapi/streaming/format.hpp" />
		<Unit filename="include/opencv2/gapi/streaming/gstreamer/gstreamerpipeline.hpp" />
		<Unit filename="include/opencv2/gapi/streaming/gstreamer/gstreamersource.hpp" />
		<Unit filename="include/opencv2/gapi/streaming/meta.hpp" />
		<Unit filename="include/opencv2/gapi/streaming/onevpl/accel_types.hpp" />
		<Unit filename="include/opencv2/gapi/streaming/onevpl/cfg_params.hpp" />
		<Unit filename="include/opencv2/gapi/streaming/onevpl/data_provider_interface.hpp" />
		<Unit filename="include/opencv2/gapi/streaming/onevpl/device_selector_interface.hpp" />
		<Unit filename="include/opencv2/gapi/streaming/onevpl/source.hpp" />
		<Unit filename="include/opencv2/gapi/streaming/source.hpp" />
		<Unit filename="include/opencv2/gapi/streaming/sync.hpp" />
		<Unit filename="include/opencv2/gapi/util/any.hpp" />
		<Unit filename="include/opencv2/gapi/util/compiler_hints.hpp" />
		<Unit filename="include/opencv2/gapi/util/copy_through_move.hpp" />
		<Unit filename="include/opencv2/gapi/util/optional.hpp" />
		<Unit filename="include/opencv2/gapi/util/throw.hpp" />
		<Unit filename="include/opencv2/gapi/util/type_traits.hpp" />
		<Unit filename="include/opencv2/gapi/util/util.hpp" />
		<Unit filename="include/opencv2/gapi/util/variant.hpp" />
		<Unit filename="include/opencv2/gapi/video.hpp" />
		<Unit filename="include/opencv2/highgui.hpp" />
		<Unit filename="include/opencv2/highgui/highgui.hpp" />
		<Unit filename="include/opencv2/highgui/highgui_c.h" />
		<Unit filename="include/opencv2/imgcodecs.hpp" />
		<Unit filename="include/opencv2/imgcodecs/imgcodecs.hpp" />
		<Unit filename="include/opencv2/imgcodecs/imgcodecs_c.h" />
		<Unit filename="include/opencv2/imgcodecs/ios.h" />
		<Unit filename="include/opencv2/imgcodecs/legacy/constants_c.h" />
		<Unit filename="include/opencv2/imgcodecs/macosx.h" />
		<Unit filename="include/opencv2/imgproc.hpp" />
		<Unit filename="include/opencv2/imgproc/bindings.hpp" />
		<Unit filename="include/opencv2/imgproc/detail/gcgraph.hpp" />
		<Unit filename="include/opencv2/imgproc/hal/hal.hpp" />
		<Unit filename="include/opencv2/imgproc/hal/interface.h" />
		<Unit filename="include/opencv2/imgproc/imgproc.hpp" />
		<Unit filename="include/opencv2/imgproc/imgproc_c.h" />
		<Unit filename="include/opencv2/imgproc/segmentation.hpp" />
		<Unit filename="include/opencv2/imgproc/types_c.h" />
		<Unit filename="include/opencv2/ml.hpp" />
		<Unit filename="include/opencv2/ml/ml.hpp" />
		<Unit filename="include/opencv2/ml/ml.inl.hpp" />
		<Unit filename="include/opencv2/objdetect.hpp" />
		<Unit filename="include/opencv2/objdetect/detection_based_tracker.hpp" />
		<Unit filename="include/opencv2/objdetect/face.hpp" />
		<Unit filename="include/opencv2/objdetect/objdetect.hpp" />
		<Unit filename="include/opencv2/opencv.hpp" />
		<Unit filename="include/opencv2/opencv_modules.hpp" />
		<Unit filename="include/opencv2/photo.hpp" />
		<Unit filename="include/opencv2/photo/cuda.hpp" />
		<Unit filename="include/opencv2/photo/legacy/constants_c.h" />
		<Unit filename="include/opencv2/photo/photo.hpp" />
		<Unit filename="include/opencv2/stitching.hpp" />
		<Unit filename="include/opencv2/stitching/detail/autocalib.hpp" />
		<Unit filename="include/opencv2/stitching/detail/blenders.hpp" />
		<Unit filename="include/opencv2/stitching/detail/camera.hpp" />
		<Unit filename="include/opencv2/stitching/detail/exposure_compensate.hpp" />
		<Unit filename="include/opencv2/stitching/detail/matchers.hpp" />
		<Unit filename="include/opencv2/stitching/detail/motion_estimators.hpp" />
		<Unit filename="include/opencv2/stitching/detail/seam_finders.hpp" />
		<Unit filename="include/opencv2/stitching/detail/timelapsers.hpp" />
		<Unit filename="include/opencv2/stitching/detail/util.hpp" />
		<Unit filename="include/opencv2/stitching/detail/util_inl.hpp" />
		<Unit filename="include/opencv2/stitching/detail/warpers.hpp" />
		<Unit filename="include/opencv2/stitching/detail/warpers_inl.hpp" />
		<Unit filename="include/opencv2/stitching/warpers.hpp" />
		<Unit filename="include/opencv2/video.hpp" />
		<Unit filename="include/opencv2/video/background_segm.hpp" />
		<Unit filename="include/opencv2/video/detail/tracking.detail.hpp" />
		<Unit filename="include/opencv2/video/legacy/constants_c.h" />
		<Unit filename="include/opencv2/video/tracking.hpp" />
		<Unit filename="include/opencv2/video/video.hpp" />
		<Unit filename="include/opencv2/videoio.hpp" />
		<Unit filename="include/opencv2/videoio/cap_ios.h" />
		<Unit filename="include/opencv2/videoio/legacy/constants_c.h" />
		<Unit filename="include/opencv2/videoio/registry.hpp" />
		<Unit filename="include/opencv2/videoio/videoio.hpp" />
		<Unit filename="include/opencv2/videoio/videoio_c.h" />
		<Unit filename="include/opencv2/world.hpp" />
		<Unit filename="src/analyser.cpp" />
		<Unit filename="src/analyser.h" />
		<Unit filename="src/main.cpp" />
		<Extensions>
			<lib_finder disable_auto="1" />
		</Extensions>
	</Project>
</CodeBlocks_project_file>
